
Microsoft Visual Studio Solution File, Format Version 12.00
# Visual Studio Version 17
VisualStudioVersion = 17.2.32519.379
MinimumVisualStudioVersion = 10.0.40219.1
Project("{FAE04EC0-301F-11D3-BF4B-00C04F79EFBC}") = "RazorPagesGeneral", "RazorPagesGeneral\RazorPagesGeneral.csproj", "{CE8EEE73-91D8-41D6-8C0C-7365713941FA}"
EndProject
Global
	GlobalSection(SolutionConfigurationPlatforms) = preSolution
		Debug|Any CPU = Debug|Any CPU
		Release|Any CPU = Release|Any CPU
	EndGlobalSection
	GlobalSection(ProjectConfigurationPlatforms) = postSolution
		{CE8EEE73-91D8-41D6-8C0C-7365713941FA}.Debug|Any CPU.ActiveCfg = Debug|Any CPU
		{CE8EEE73-91D8-41D6-8C0C-7365713941FA}.Debug|Any CPU.Build.0 = Debug|Any CPU
		{CE8EEE73-91D8-41D6-8C0C-7365713941FA}.Release|Any CPU.ActiveCfg = Release|Any CPU
		{CE8EEE73-91D8-41D6-8C0C-7365713941FA}.Release|Any CPU.Build.0 = Release|Any CPU
	EndGlobalSection
	GlobalSection(SolutionProperties) = preSolution
		HideSolutionNode = FALSE
	EndGlobalSection
	GlobalSection(ExtensibilityGlobals) = postSolution
		SolutionGuid = {BBD9C6F6-B869-4AEF-AD4E-6C0260399654}
	EndGlobalSection
EndGlobal
