
Microsoft Visual Studio Solution File, Format Version 12.00
# Visual Studio Version 17
VisualStudioVersion = 17.2.32519.379
MinimumVisualStudioVersion = 10.0.40219.1
Project("{9A19103F-16F7-4668-BE54-9A1E7A4F7556}") = "RazorPagesGeneral", "RazorPagesGeneral\RazorPagesGeneral.csproj", "{CE8EEE73-91D8-41D6-8C0C-7365713941FA}"
EndProject
Project("{9A19103F-16F7-4668-BE54-9A1E7A4F7556}") = "RazorPagesLearning.Models", "RazorPagesLearning.Models\RazorPagesLearning.Models.csproj", "{50696AFB-E8F0-413C-9861-8D14DA15E3B7}"
EndProject
Project("{9A19103F-16F7-4668-BE54-9A1E7A4F7556}") = "RazorPagesLearning.Services", "RazorPagesLearning.Services\RazorPagesLearning.Services.csproj", "{E5D73FC1-FC44-4C87-B54C-93A157E245CF}"
EndProject
Global
	GlobalSection(SolutionConfigurationPlatforms) = preSolution
		Debug|Any CPU = Debug|Any CPU
		Release|Any CPU = Release|Any CPU
	EndGlobalSection
	GlobalSection(ProjectConfigurationPlatforms) = postSolution
		{CE8EEE73-91D8-41D6-8C0C-7365713941FA}.Debug|Any CPU.ActiveCfg = Debug|Any CPU
		{CE8EEE73-91D8-41D6-8C0C-7365713941FA}.Debug|Any CPU.Build.0 = Debug|Any CPU
		{CE8EEE73-91D8-41D6-8C0C-7365713941FA}.Release|Any CPU.ActiveCfg = Release|Any CPU
		{CE8EEE73-91D8-41D6-8C0C-7365713941FA}.Release|Any CPU.Build.0 = Release|Any CPU
		{50696AFB-E8F0-413C-9861-8D14DA15E3B7}.Debug|Any CPU.ActiveCfg = Debug|Any CPU
		{50696AFB-E8F0-413C-9861-8D14DA15E3B7}.Debug|Any CPU.Build.0 = Debug|Any CPU
		{50696AFB-E8F0-413C-9861-8D14DA15E3B7}.Release|Any CPU.ActiveCfg = Release|Any CPU
		{50696AFB-E8F0-413C-9861-8D14DA15E3B7}.Release|Any CPU.Build.0 = Release|Any CPU
		{E5D73FC1-FC44-4C87-B54C-93A157E245CF}.Debug|Any CPU.ActiveCfg = Debug|Any CPU
		{E5D73FC1-FC44-4C87-B54C-93A157E245CF}.Debug|Any CPU.Build.0 = Debug|Any CPU
		{E5D73FC1-FC44-4C87-B54C-93A157E245CF}.Release|Any CPU.ActiveCfg = Release|Any CPU
		{E5D73FC1-FC44-4C87-B54C-93A157E245CF}.Release|Any CPU.Build.0 = Release|Any CPU
	EndGlobalSection
	GlobalSection(SolutionProperties) = preSolution
		HideSolutionNode = FALSE
	EndGlobalSection
	GlobalSection(ExtensibilityGlobals) = postSolution
		SolutionGuid = {BBD9C6F6-B869-4AEF-AD4E-6C0260399654}
	EndGlobalSection
EndGlobal
